
Microsoft Visual Studio Solution File, Format Version 12.00
# Visual Studio Version 17
VisualStudioVersion = 17.11.35222.181
MinimumVisualStudioVersion = 10.0.40219.1
Project("{FAE04EC0-301F-11D3-BF4B-00C04F79EFBC}") = "EP 01 - 1", "EP 01 - 1.csproj", "{FDB42723-70E0-44A4-A12A-D3208BFFF659}"
EndProject
Global
	GlobalSection(SolutionConfigurationPlatforms) = preSolution
		Debug|Any CPU = Debug|Any CPU
		Release|Any CPU = Release|Any CPU
	EndGlobalSection
	GlobalSection(ProjectConfigurationPlatforms) = postSolution
		{FDB42723-70E0-44A4-A12A-D3208BFFF659}.Debug|Any CPU.ActiveCfg = Debug|Any CPU
		{FDB42723-70E0-44A4-A12A-D3208BFFF659}.Debug|Any CPU.Build.0 = Debug|Any CPU
		{FDB42723-70E0-44A4-A12A-D3208BFFF659}.Release|Any CPU.ActiveCfg = Release|Any CPU
		{FDB42723-70E0-44A4-A12A-D3208BFFF659}.Release|Any CPU.Build.0 = Release|Any CPU
	EndGlobalSection
	GlobalSection(SolutionProperties) = preSolution
		HideSolutionNode = FALSE
	EndGlobalSection
	GlobalSection(ExtensibilityGlobals) = postSolution
		SolutionGuid = {C77407E9-4665-4A3B-95D0-86606874FF2B}
	EndGlobalSection
EndGlobal
